
Microsoft Visual Studio Solution File, Format Version 12.00
# Visual Studio Version 16
VisualStudioVersion = 16.0.32002.261
MinimumVisualStudioVersion = 10.0.40219.1
Project("{FAE04EC0-301F-11D3-BF4B-00C04F79EFBC}") = "CrudApplication", "CrudApplication.csproj", "{A619DE16-4602-47A0-B753-9243685E37F4}"
EndProject
Global
	GlobalSection(SolutionConfigurationPlatforms) = preSolution
		Debug|Any CPU = Debug|Any CPU
		Release|Any CPU = Release|Any CPU
	EndGlobalSection
	GlobalSection(ProjectConfigurationPlatforms) = postSolution
		{A619DE16-4602-47A0-B753-9243685E37F4}.Debug|Any CPU.ActiveCfg = Debug|Any CPU
		{A619DE16-4602-47A0-B753-9243685E37F4}.Debug|Any CPU.Build.0 = Debug|Any CPU
		{A619DE16-4602-47A0-B753-9243685E37F4}.Release|Any CPU.ActiveCfg = Release|Any CPU
		{A619DE16-4602-47A0-B753-9243685E37F4}.Release|Any CPU.Build.0 = Release|Any CPU
	EndGlobalSection
	GlobalSection(SolutionProperties) = preSolution
		HideSolutionNode = FALSE
	EndGlobalSection
	GlobalSection(ExtensibilityGlobals) = postSolution
		SolutionGuid = {9A541C4B-B517-45F9-AFED-15F986BDD1C5}
	EndGlobalSection
EndGlobal
